// !$*UTF8*$!
{
	archiveVersion = 1;
	classes = {
	};
	objectVersion = 56;
	objects = {

/* Begin PBXBuildFile section */
		94176C0A2AF46E360055FC6C /* bgColorStyle.swift in Sources */ = {isa = PBXBuildFile; fileRef = 94176C092AF46E360055FC6C /* bgColorStyle.swift */; };
		94176C0D2AF483DD0055FC6C /* FirebaseAuth in Frameworks */ = {isa = PBXBuildFile; productRef = 94176C0C2AF483DD0055FC6C /* FirebaseAuth */; };
		94176C0F2AF483DD0055FC6C /* FirebaseFirestore in Frameworks */ = {isa = PBXBuildFile; productRef = 94176C0E2AF483DD0055FC6C /* FirebaseFirestore */; };
		941C33682AF4B72500139D0B /* registerView.swift in Sources */ = {isa = PBXBuildFile; fileRef = 941C33672AF4B72500139D0B /* registerView.swift */; };
		941C336C2AF4C72600139D0B /* forgotPasswordView.swift in Sources */ = {isa = PBXBuildFile; fileRef = 941C336B2AF4C72600139D0B /* forgotPasswordView.swift */; };
		944AE8112AE63992002ECF1C /* projectETPS04App.swift in Sources */ = {isa = PBXBuildFile; fileRef = 944AE8102AE63992002ECF1C /* projectETPS04App.swift */; };
		944AE8132AE63992002ECF1C /* ContentView.swift in Sources */ = {isa = PBXBuildFile; fileRef = 944AE8122AE63992002ECF1C /* ContentView.swift */; };
		944AE8152AE63994002ECF1C /* Assets.xcassets in Resources */ = {isa = PBXBuildFile; fileRef = 944AE8142AE63994002ECF1C /* Assets.xcassets */; };
		944AE8182AE63994002ECF1C /* Preview Assets.xcassets in Resources */ = {isa = PBXBuildFile; fileRef = 944AE8172AE63994002ECF1C /* Preview Assets.xcassets */; };
		944AE8222AE63994002ECF1C /* projectETPS04Tests.swift in Sources */ = {isa = PBXBuildFile; fileRef = 944AE8212AE63994002ECF1C /* projectETPS04Tests.swift */; };
		944AE82C2AE63995002ECF1C /* projectETPS04UITests.swift in Sources */ = {isa = PBXBuildFile; fileRef = 944AE82B2AE63995002ECF1C /* projectETPS04UITests.swift */; };
		944AE82E2AE63995002ECF1C /* projectETPS04UITestsLaunchTests.swift in Sources */ = {isa = PBXBuildFile; fileRef = 944AE82D2AE63995002ECF1C /* projectETPS04UITestsLaunchTests.swift */; };
		94611A462B214696000900FB /* SignIn_withGoogle_VM.swift in Sources */ = {isa = PBXBuildFile; fileRef = 94611A452B214696000900FB /* SignIn_withGoogle_VM.swift */; };
		94611A482B214815000900FB /* Application.swift in Sources */ = {isa = PBXBuildFile; fileRef = 94611A472B214815000900FB /* Application.swift */; };
		946D13E02B1FE66D0017B9CE /* locationFarmacia.swift in Sources */ = {isa = PBXBuildFile; fileRef = 946D13DF2B1FE66D0017B9CE /* locationFarmacia.swift */; };
		94A2E15B2B199D10007E9D5E /* drugSearch.swift in Sources */ = {isa = PBXBuildFile; fileRef = 94A2E15A2B199D0F007E9D5E /* drugSearch.swift */; };
		94AE09D22B1EDFBD00C08822 /* resultadoBusquedaView.swift in Sources */ = {isa = PBXBuildFile; fileRef = 94AE09D12B1EDFBD00C08822 /* resultadoBusquedaView.swift */; };
		94AE09D42B1EE47E00C08822 /* GoogleService-Info.plist in Resources */ = {isa = PBXBuildFile; fileRef = 94AE09D32B1EE47E00C08822 /* GoogleService-Info.plist */; };
		94E5FD9A2B182D6A00A4F86A /* GoogleSignIn in Frameworks */ = {isa = PBXBuildFile; productRef = 94E5FD992B182D6A00A4F86A /* GoogleSignIn */; };
		94E5FD9C2B182D6A00A4F86A /* GoogleSignInSwift in Frameworks */ = {isa = PBXBuildFile; productRef = 94E5FD9B2B182D6A00A4F86A /* GoogleSignInSwift */; };
		94E5FDA22B18309200A4F86A /* Login.swift in Sources */ = {isa = PBXBuildFile; fileRef = 94E5FDA12B18309200A4F86A /* Login.swift */; };
		94E62A662B2019F800EDB432 /* Farmacia.swift in Sources */ = {isa = PBXBuildFile; fileRef = 94E62A652B2019F800EDB432 /* Farmacia.swift */; };
/* End PBXBuildFile section */

/* Begin PBXContainerItemProxy section */
		944AE81E2AE63994002ECF1C /* PBXContainerItemProxy */ = {
			isa = PBXContainerItemProxy;
			containerPortal = 944AE8052AE63992002ECF1C /* Project object */;
			proxyType = 1;
			remoteGlobalIDString = 944AE80C2AE63992002ECF1C;
			remoteInfo = projectETPS04;
		};
		944AE8282AE63994002ECF1C /* PBXContainerItemProxy */ = {
			isa = PBXContainerItemProxy;
			containerPortal = 944AE8052AE63992002ECF1C /* Project object */;
			proxyType = 1;
			remoteGlobalIDString = 944AE80C2AE63992002ECF1C;
			remoteInfo = projectETPS04;
		};
/* End PBXContainerItemProxy section */

/* Begin PBXFileReference section */
		94176C092AF46E360055FC6C /* bgColorStyle.swift */ = {isa = PBXFileReference; lastKnownFileType = sourcecode.swift; path = bgColorStyle.swift; sourceTree = "<group>"; };
		941C33672AF4B72500139D0B /* registerView.swift */ = {isa = PBXFileReference; lastKnownFileType = sourcecode.swift; path = registerView.swift; sourceTree = "<group>"; };
		941C336B2AF4C72600139D0B /* forgotPasswordView.swift */ = {isa = PBXFileReference; lastKnownFileType = sourcecode.swift; path = forgotPasswordView.swift; sourceTree = "<group>"; };
		944AE80D2AE63992002ECF1C /* projectETPS04.app */ = {isa = PBXFileReference; explicitFileType = wrapper.application; includeInIndex = 0; path = projectETPS04.app; sourceTree = BUILT_PRODUCTS_DIR; };
		944AE8102AE63992002ECF1C /* projectETPS04App.swift */ = {isa = PBXFileReference; lastKnownFileType = sourcecode.swift; path = projectETPS04App.swift; sourceTree = "<group>"; };
		944AE8122AE63992002ECF1C /* ContentView.swift */ = {isa = PBXFileReference; lastKnownFileType = sourcecode.swift; path = ContentView.swift; sourceTree = "<group>"; };
		944AE8142AE63994002ECF1C /* Assets.xcassets */ = {isa = PBXFileReference; lastKnownFileType = folder.assetcatalog; path = Assets.xcassets; sourceTree = "<group>"; };
		944AE8172AE63994002ECF1C /* Preview Assets.xcassets */ = {isa = PBXFileReference; lastKnownFileType = folder.assetcatalog; path = "Preview Assets.xcassets"; sourceTree = "<group>"; };
		944AE81D2AE63994002ECF1C /* projectETPS04Tests.xctest */ = {isa = PBXFileReference; explicitFileType = wrapper.cfbundle; includeInIndex = 0; path = projectETPS04Tests.xctest; sourceTree = BUILT_PRODUCTS_DIR; };
		944AE8212AE63994002ECF1C /* projectETPS04Tests.swift */ = {isa = PBXFileReference; lastKnownFileType = sourcecode.swift; path = projectETPS04Tests.swift; sourceTree = "<group>"; };
		944AE8272AE63994002ECF1C /* projectETPS04UITests.xctest */ = {isa = PBXFileReference; explicitFileType = wrapper.cfbundle; includeInIndex = 0; path = projectETPS04UITests.xctest; sourceTree = BUILT_PRODUCTS_DIR; };
		944AE82B2AE63995002ECF1C /* projectETPS04UITests.swift */ = {isa = PBXFileReference; lastKnownFileType = sourcecode.swift; path = projectETPS04UITests.swift; sourceTree = "<group>"; };
		944AE82D2AE63995002ECF1C /* projectETPS04UITestsLaunchTests.swift */ = {isa = PBXFileReference; lastKnownFileType = sourcecode.swift; path = projectETPS04UITestsLaunchTests.swift; sourceTree = "<group>"; };
		94611A452B214696000900FB /* SignIn_withGoogle_VM.swift */ = {isa = PBXFileReference; lastKnownFileType = sourcecode.swift; path = SignIn_withGoogle_VM.swift; sourceTree = "<group>"; };
		94611A472B214815000900FB /* Application.swift */ = {isa = PBXFileReference; lastKnownFileType = sourcecode.swift; path = Application.swift; sourceTree = "<group>"; };
		946D13DF2B1FE66D0017B9CE /* locationFarmacia.swift */ = {isa = PBXFileReference; lastKnownFileType = sourcecode.swift; path = locationFarmacia.swift; sourceTree = "<group>"; };
		94A2E15A2B199D0F007E9D5E /* drugSearch.swift */ = {isa = PBXFileReference; lastKnownFileType = sourcecode.swift; path = drugSearch.swift; sourceTree = "<group>"; };
		94AE09D12B1EDFBD00C08822 /* resultadoBusquedaView.swift */ = {isa = PBXFileReference; lastKnownFileType = sourcecode.swift; path = resultadoBusquedaView.swift; sourceTree = "<group>"; };
		94AE09D32B1EE47E00C08822 /* GoogleService-Info.plist */ = {isa = PBXFileReference; fileEncoding = 4; lastKnownFileType = text.plist.xml; path = "GoogleService-Info.plist"; sourceTree = "<group>"; };
		94E5FD9F2B182F6800A4F86A /* Info.plist */ = {isa = PBXFileReference; lastKnownFileType = text.plist; path = Info.plist; sourceTree = "<group>"; };
		94E5FDA12B18309200A4F86A /* Login.swift */ = {isa = PBXFileReference; lastKnownFileType = sourcecode.swift; path = Login.swift; sourceTree = "<group>"; };
		94E62A652B2019F800EDB432 /* Farmacia.swift */ = {isa = PBXFileReference; lastKnownFileType = sourcecode.swift; path = Farmacia.swift; sourceTree = "<group>"; };
/* End PBXFileReference section */

/* Begin PBXFrameworksBuildPhase section */
		944AE80A2AE63992002ECF1C /* Frameworks */ = {
			isa = PBXFrameworksBuildPhase;
			buildActionMask = 2147483647;
			files = (
				94176C0D2AF483DD0055FC6C /* FirebaseAuth in Frameworks */,
				94176C0F2AF483DD0055FC6C /* FirebaseFirestore in Frameworks */,
				94E5FD9A2B182D6A00A4F86A /* GoogleSignIn in Frameworks */,
				94E5FD9C2B182D6A00A4F86A /* GoogleSignInSwift in Frameworks */,
			);
			runOnlyForDeploymentPostprocessing = 0;
		};
		944AE81A2AE63994002ECF1C /* Frameworks */ = {
			isa = PBXFrameworksBuildPhase;
			buildActionMask = 2147483647;
			files = (
			);
			runOnlyForDeploymentPostprocessing = 0;
		};
		944AE8242AE63994002ECF1C /* Frameworks */ = {
			isa = PBXFrameworksBuildPhase;
			buildActionMask = 2147483647;
			files = (
			);
			runOnlyForDeploymentPostprocessing = 0;
		};
/* End PBXFrameworksBuildPhase section */

/* Begin PBXGroup section */
		94176C062AF46DD50055FC6C /* Utils */ = {
			isa = PBXGroup;
			children = (
				94176C092AF46E360055FC6C /* bgColorStyle.swift */,
				94611A472B214815000900FB /* Application.swift */,
			);
			path = Utils;
			sourceTree = "<group>";
		};
		944AE8042AE63992002ECF1C = {
			isa = PBXGroup;
			children = (
				944AE80F2AE63992002ECF1C /* projectETPS04 */,
				944AE8202AE63994002ECF1C /* projectETPS04Tests */,
				944AE82A2AE63995002ECF1C /* projectETPS04UITests */,
				944AE80E2AE63992002ECF1C /* Products */,
			);
			sourceTree = "<group>";
		};
		944AE80E2AE63992002ECF1C /* Products */ = {
			isa = PBXGroup;
			children = (
				944AE80D2AE63992002ECF1C /* projectETPS04.app */,
				944AE81D2AE63994002ECF1C /* projectETPS04Tests.xctest */,
				944AE8272AE63994002ECF1C /* projectETPS04UITests.xctest */,
			);
			name = Products;
			sourceTree = "<group>";
		};
		944AE80F2AE63992002ECF1C /* projectETPS04 */ = {
			isa = PBXGroup;
			children = (
				94AE09D32B1EE47E00C08822 /* GoogleService-Info.plist */,
				94A2E15E2B19B77A007E9D5E /* Helper */,
				94E5FDA32B18422900A4F86A /* ViewModel */,
				94E5FDA02B18308100A4F86A /* Views */,
				94E5FD9F2B182F6800A4F86A /* Info.plist */,
				94176C062AF46DD50055FC6C /* Utils */,
				944AE8102AE63992002ECF1C /* projectETPS04App.swift */,
				944AE8122AE63992002ECF1C /* ContentView.swift */,
				944AE8142AE63994002ECF1C /* Assets.xcassets */,
				944AE8162AE63994002ECF1C /* Preview Content */,
			);
			path = projectETPS04;
			sourceTree = "<group>";
		};
		944AE8162AE63994002ECF1C /* Preview Content */ = {
			isa = PBXGroup;
			children = (
				944AE8172AE63994002ECF1C /* Preview Assets.xcassets */,
			);
			path = "Preview Content";
			sourceTree = "<group>";
		};
		944AE8202AE63994002ECF1C /* projectETPS04Tests */ = {
			isa = PBXGroup;
			children = (
				944AE8212AE63994002ECF1C /* projectETPS04Tests.swift */,
			);
			path = projectETPS04Tests;
			sourceTree = "<group>";
		};
		944AE82A2AE63995002ECF1C /* projectETPS04UITests */ = {
			isa = PBXGroup;
			children = (
				944AE82B2AE63995002ECF1C /* projectETPS04UITests.swift */,
				944AE82D2AE63995002ECF1C /* projectETPS04UITestsLaunchTests.swift */,
			);
			path = projectETPS04UITests;
			sourceTree = "<group>";
		};
		94A2E15E2B19B77A007E9D5E /* Helper */ = {
			isa = PBXGroup;
			children = (
				94E62A652B2019F800EDB432 /* Farmacia.swift */,
			);
			path = Helper;
			sourceTree = "<group>";
		};
		94E5FDA02B18308100A4F86A /* Views */ = {
			isa = PBXGroup;
			children = (
				94E5FDA12B18309200A4F86A /* Login.swift */,
				941C33672AF4B72500139D0B /* registerView.swift */,
				941C336B2AF4C72600139D0B /* forgotPasswordView.swift */,
				94A2E15A2B199D0F007E9D5E /* drugSearch.swift */,
				94AE09D12B1EDFBD00C08822 /* resultadoBusquedaView.swift */,
				946D13DF2B1FE66D0017B9CE /* locationFarmacia.swift */,
			);
			path = Views;
			sourceTree = "<group>";
		};
		94E5FDA32B18422900A4F86A /* ViewModel */ = {
			isa = PBXGroup;
			children = (
				94611A452B214696000900FB /* SignIn_withGoogle_VM.swift */,
			);
			path = ViewModel;
			sourceTree = "<group>";
		};
/* End PBXGroup section */

/* Begin PBXNativeTarget section */
		944AE80C2AE63992002ECF1C /* projectETPS04 */ = {
			isa = PBXNativeTarget;
			buildConfigurationList = 944AE8312AE63995002ECF1C /* Build configuration list for PBXNativeTarget "projectETPS04" */;
			buildPhases = (
				944AE8092AE63992002ECF1C /* Sources */,
				944AE80A2AE63992002ECF1C /* Frameworks */,
				944AE80B2AE63992002ECF1C /* Resources */,
			);
			buildRules = (
			);
			dependencies = (
			);
			name = projectETPS04;
			packageProductDependencies = (
				94176C0C2AF483DD0055FC6C /* FirebaseAuth */,
				94176C0E2AF483DD0055FC6C /* FirebaseFirestore */,
				94E5FD992B182D6A00A4F86A /* GoogleSignIn */,
				94E5FD9B2B182D6A00A4F86A /* GoogleSignInSwift */,
			);
			productName = projectETPS04;
			productReference = 944AE80D2AE63992002ECF1C /* projectETPS04.app */;
			productType = "com.apple.product-type.application";
		};
		944AE81C2AE63994002ECF1C /* projectETPS04Tests */ = {
			isa = PBXNativeTarget;
			buildConfigurationList = 944AE8342AE63995002ECF1C /* Build configuration list for PBXNativeTarget "projectETPS04Tests" */;
			buildPhases = (
				944AE8192AE63994002ECF1C /* Sources */,
				944AE81A2AE63994002ECF1C /* Frameworks */,
				944AE81B2AE63994002ECF1C /* Resources */,
			);
			buildRules = (
			);
			dependencies = (
				944AE81F2AE63994002ECF1C /* PBXTargetDependency */,
			);
			name = projectETPS04Tests;
			productName = projectETPS04Tests;
			productReference = 944AE81D2AE63994002ECF1C /* projectETPS04Tests.xctest */;
			productType = "com.apple.product-type.bundle.unit-test";
		};
		944AE8262AE63994002ECF1C /* projectETPS04UITests */ = {
			isa = PBXNativeTarget;
			buildConfigurationList = 944AE8372AE63995002ECF1C /* Build configuration list for PBXNativeTarget "projectETPS04UITests" */;
			buildPhases = (
				944AE8232AE63994002ECF1C /* Sources */,
				944AE8242AE63994002ECF1C /* Frameworks */,
				944AE8252AE63994002ECF1C /* Resources */,
			);
			buildRules = (
			);
			dependencies = (
				944AE8292AE63994002ECF1C /* PBXTargetDependency */,
			);
			name = projectETPS04UITests;
			productName = projectETPS04UITests;
			productReference = 944AE8272AE63994002ECF1C /* projectETPS04UITests.xctest */;
			productType = "com.apple.product-type.bundle.ui-testing";
		};
/* End PBXNativeTarget section */

/* Begin PBXProject section */
		944AE8052AE63992002ECF1C /* Project object */ = {
			isa = PBXProject;
			attributes = {
				BuildIndependentTargetsInParallel = 1;
				LastSwiftUpdateCheck = 1500;
				LastUpgradeCheck = 1500;
				TargetAttributes = {
					944AE80C2AE63992002ECF1C = {
						CreatedOnToolsVersion = 15.0.1;
					};
					944AE81C2AE63994002ECF1C = {
						CreatedOnToolsVersion = 15.0.1;
						TestTargetID = 944AE80C2AE63992002ECF1C;
					};
					944AE8262AE63994002ECF1C = {
						CreatedOnToolsVersion = 15.0.1;
						TestTargetID = 944AE80C2AE63992002ECF1C;
					};
				};
			};
			buildConfigurationList = 944AE8082AE63992002ECF1C /* Build configuration list for PBXProject "projectETPS04" */;
			compatibilityVersion = "Xcode 14.0";
			developmentRegion = en;
			hasScannedForEncodings = 0;
			knownRegions = (
				en,
				Base,
			);
			mainGroup = 944AE8042AE63992002ECF1C;
			packageReferences = (
				94176C0B2AF483DD0055FC6C /* XCRemoteSwiftPackageReference "firebase-ios-sdk" */,
				94E5FD982B182D6A00A4F86A /* XCRemoteSwiftPackageReference "GoogleSignIn-iOS" */,
			);
			productRefGroup = 944AE80E2AE63992002ECF1C /* Products */;
			projectDirPath = "";
			projectRoot = "";
			targets = (
				944AE80C2AE63992002ECF1C /* projectETPS04 */,
				944AE81C2AE63994002ECF1C /* projectETPS04Tests */,
				944AE8262AE63994002ECF1C /* projectETPS04UITests */,
			);
		};
/* End PBXProject section */

/* Begin PBXResourcesBuildPhase section */
		944AE80B2AE63992002ECF1C /* Resources */ = {
			isa = PBXResourcesBuildPhase;
			buildActionMask = 2147483647;
			files = (
				944AE8182AE63994002ECF1C /* Preview Assets.xcassets in Resources */,
				944AE8152AE63994002ECF1C /* Assets.xcassets in Resources */,
				94AE09D42B1EE47E00C08822 /* GoogleService-Info.plist in Resources */,
			);
			runOnlyForDeploymentPostprocessing = 0;
		};
		944AE81B2AE63994002ECF1C /* Resources */ = {
			isa = PBXResourcesBuildPhase;
			buildActionMask = 2147483647;
			files = (
			);
			runOnlyForDeploymentPostprocessing = 0;
		};
		944AE8252AE63994002ECF1C /* Resources */ = {
			isa = PBXResourcesBuildPhase;
			buildActionMask = 2147483647;
			files = (
			);
			runOnlyForDeploymentPostprocessing = 0;
		};
/* End PBXResourcesBuildPhase section */

/* Begin PBXSourcesBuildPhase section */
		944AE8092AE63992002ECF1C /* Sources */ = {
			isa = PBXSourcesBuildPhase;
			buildActionMask = 2147483647;
			files = (
				94611A482B214815000900FB /* Application.swift in Sources */,
				944AE8132AE63992002ECF1C /* ContentView.swift in Sources */,
				941C336C2AF4C72600139D0B /* forgotPasswordView.swift in Sources */,
				941C33682AF4B72500139D0B /* registerView.swift in Sources */,
				94E62A662B2019F800EDB432 /* Farmacia.swift in Sources */,
				94E5FDA22B18309200A4F86A /* Login.swift in Sources */,
				946D13E02B1FE66D0017B9CE /* locationFarmacia.swift in Sources */,
				944AE8112AE63992002ECF1C /* projectETPS04App.swift in Sources */,
				94A2E15B2B199D10007E9D5E /* drugSearch.swift in Sources */,
				94AE09D22B1EDFBD00C08822 /* resultadoBusquedaView.swift in Sources */,
				94176C0A2AF46E360055FC6C /* bgColorStyle.swift in Sources */,
				94611A462B214696000900FB /* SignIn_withGoogle_VM.swift in Sources */,
			);
			runOnlyForDeploymentPostprocessing = 0;
		};
		944AE8192AE63994002ECF1C /* Sources */ = {
			isa = PBXSourcesBuildPhase;
			buildActionMask = 2147483647;
			files = (
				944AE8222AE63994002ECF1C /* projectETPS04Tests.swift in Sources */,
			);
			runOnlyForDeploymentPostprocessing = 0;
		};
		944AE8232AE63994002ECF1C /* Sources */ = {
			isa = PBXSourcesBuildPhase;
			buildActionMask = 2147483647;
			files = (
				944AE82E2AE63995002ECF1C /* projectETPS04UITestsLaunchTests.swift in Sources */,
				944AE82C2AE63995002ECF1C /* projectETPS04UITests.swift in Sources */,
			);
			runOnlyForDeploymentPostprocessing = 0;
		};
/* End PBXSourcesBuildPhase section */

/* Begin PBXTargetDependency section */
		944AE81F2AE63994002ECF1C /* PBXTargetDependency */ = {
			isa = PBXTargetDependency;
			target = 944AE80C2AE63992002ECF1C /* projectETPS04 */;
			targetProxy = 944AE81E2AE63994002ECF1C /* PBXContainerItemProxy */;
		};
		944AE8292AE63994002ECF1C /* PBXTargetDependency */ = {
			isa = PBXTargetDependency;
			target = 944AE80C2AE63992002ECF1C /* projectETPS04 */;
			targetProxy = 944AE8282AE63994002ECF1C /* PBXContainerItemProxy */;
		};
/* End PBXTargetDependency section */

/* Begin XCBuildConfiguration section */
		944AE82F2AE63995002ECF1C /* Debug */ = {
			isa = XCBuildConfiguration;
			buildSettings = {
				ALWAYS_SEARCH_USER_PATHS = NO;
				ASSETCATALOG_COMPILER_GENERATE_SWIFT_ASSET_SYMBOL_EXTENSIONS = YES;
				CLANG_ANALYZER_NONNULL = YES;
				CLANG_ANALYZER_NUMBER_OBJECT_CONVERSION = YES_AGGRESSIVE;
				CLANG_CXX_LANGUAGE_STANDARD = "gnu++20";
				CLANG_ENABLE_MODULES = YES;
				CLANG_ENABLE_OBJC_ARC = YES;
				CLANG_ENABLE_OBJC_WEAK = YES;
				CLANG_WARN_BLOCK_CAPTURE_AUTORELEASING = YES;
				CLANG_WARN_BOOL_CONVERSION = YES;
				CLANG_WARN_COMMA = YES;
				CLANG_WARN_CONSTANT_CONVERSION = YES;
				CLANG_WARN_DEPRECATED_OBJC_IMPLEMENTATIONS = YES;
				CLANG_WARN_DIRECT_OBJC_ISA_USAGE = YES_ERROR;
				CLANG_WARN_DOCUMENTATION_COMMENTS = YES;
				CLANG_WARN_EMPTY_BODY = YES;
				CLANG_WARN_ENUM_CONVERSION = YES;
				CLANG_WARN_INFINITE_RECURSION = YES;
				CLANG_WARN_INT_CONVERSION = YES;
				CLANG_WARN_NON_LITERAL_NULL_CONVERSION = YES;
				CLANG_WARN_OBJC_IMPLICIT_RETAIN_SELF = YES;
				CLANG_WARN_OBJC_LITERAL_CONVERSION = YES;
				CLANG_WARN_OBJC_ROOT_CLASS = YES_ERROR;
				CLANG_WARN_QUOTED_INCLUDE_IN_FRAMEWORK_HEADER = YES;
				CLANG_WARN_RANGE_LOOP_ANALYSIS = YES;
				CLANG_WARN_STRICT_PROTOTYPES = YES;
				CLANG_WARN_SUSPICIOUS_MOVE = YES;
				CLANG_WARN_UNGUARDED_AVAILABILITY = YES_AGGRESSIVE;
				CLANG_WARN_UNREACHABLE_CODE = YES;
				CLANG_WARN__DUPLICATE_METHOD_MATCH = YES;
				COPY_PHASE_STRIP = NO;
				DEBUG_INFORMATION_FORMAT = dwarf;
				ENABLE_STRICT_OBJC_MSGSEND = YES;
				ENABLE_TESTABILITY = YES;
				ENABLE_USER_SCRIPT_SANDBOXING = YES;
				GCC_C_LANGUAGE_STANDARD = gnu17;
				GCC_DYNAMIC_NO_PIC = NO;
				GCC_NO_COMMON_BLOCKS = YES;
				GCC_OPTIMIZATION_LEVEL = 0;
				GCC_PREPROCESSOR_DEFINITIONS = (
					"DEBUG=1",
					"$(inherited)",
				);
				GCC_WARN_64_TO_32_BIT_CONVERSION = YES;
				GCC_WARN_ABOUT_RETURN_TYPE = YES_ERROR;
				GCC_WARN_UNDECLARED_SELECTOR = YES;
				GCC_WARN_UNINITIALIZED_AUTOS = YES_AGGRESSIVE;
				GCC_WARN_UNUSED_FUNCTION = YES;
				GCC_WARN_UNUSED_VARIABLE = YES;
				IPHONEOS_DEPLOYMENT_TARGET = 17.0;
				LOCALIZATION_PREFERS_STRING_CATALOGS = YES;
				MTL_ENABLE_DEBUG_INFO = INCLUDE_SOURCE;
				MTL_FAST_MATH = YES;
				ONLY_ACTIVE_ARCH = YES;
				SDKROOT = iphoneos;
				SWIFT_ACTIVE_COMPILATION_CONDITIONS = "DEBUG $(inherited)";
				SWIFT_OPTIMIZATION_LEVEL = "-Onone";
			};
			name = Debug;
		};
		944AE8302AE63995002ECF1C /* Release */ = {
			isa = XCBuildConfiguration;
			buildSettings = {
				ALWAYS_SEARCH_USER_PATHS = NO;
				ASSETCATALOG_COMPILER_GENERATE_SWIFT_ASSET_SYMBOL_EXTENSIONS = YES;
				CLANG_ANALYZER_NONNULL = YES;
				CLANG_ANALYZER_NUMBER_OBJECT_CONVERSION = YES_AGGRESSIVE;
				CLANG_CXX_LANGUAGE_STANDARD = "gnu++20";
				CLANG_ENABLE_MODULES = YES;
				CLANG_ENABLE_OBJC_ARC = YES;
				CLANG_ENABLE_OBJC_WEAK = YES;
				CLANG_WARN_BLOCK_CAPTURE_AUTORELEASING = YES;
				CLANG_WARN_BOOL_CONVERSION = YES;
				CLANG_WARN_COMMA = YES;
				CLANG_WARN_CONSTANT_CONVERSION = YES;
				CLANG_WARN_DEPRECATED_OBJC_IMPLEMENTATIONS = YES;
				CLANG_WARN_DIRECT_OBJC_ISA_USAGE = YES_ERROR;
				CLANG_WARN_DOCUMENTATION_COMMENTS = YES;
				CLANG_WARN_EMPTY_BODY = YES;
				CLANG_WARN_ENUM_CONVERSION = YES;
				CLANG_WARN_INFINITE_RECURSION = YES;
				CLANG_WARN_INT_CONVERSION = YES;
				CLANG_WARN_NON_LITERAL_NULL_CONVERSION = YES;
				CLANG_WARN_OBJC_IMPLICIT_RETAIN_SELF = YES;
				CLANG_WARN_OBJC_LITERAL_CONVERSION = YES;
				CLANG_WARN_OBJC_ROOT_CLASS = YES_ERROR;
				CLANG_WARN_QUOTED_INCLUDE_IN_FRAMEWORK_HEADER = YES;
				CLANG_WARN_RANGE_LOOP_ANALYSIS = YES;
				CLANG_WARN_STRICT_PROTOTYPES = YES;
				CLANG_WARN_SUSPICIOUS_MOVE = YES;
				CLANG_WARN_UNGUARDED_AVAILABILITY = YES_AGGRESSIVE;
				CLANG_WARN_UNREACHABLE_CODE = YES;
				CLANG_WARN__DUPLICATE_METHOD_MATCH = YES;
				COPY_PHASE_STRIP = NO;
				DEBUG_INFORMATION_FORMAT = "dwarf-with-dsym";
				ENABLE_NS_ASSERTIONS = NO;
				ENABLE_STRICT_OBJC_MSGSEND = YES;
				ENABLE_USER_SCRIPT_SANDBOXING = YES;
				GCC_C_LANGUAGE_STANDARD = gnu17;
				GCC_NO_COMMON_BLOCKS = YES;
				GCC_WARN_64_TO_32_BIT_CONVERSION = YES;
				GCC_WARN_ABOUT_RETURN_TYPE = YES_ERROR;
				GCC_WARN_UNDECLARED_SELECTOR = YES;
				GCC_WARN_UNINITIALIZED_AUTOS = YES_AGGRESSIVE;
				GCC_WARN_UNUSED_FUNCTION = YES;
				GCC_WARN_UNUSED_VARIABLE = YES;
				IPHONEOS_DEPLOYMENT_TARGET = 17.0;
				LOCALIZATION_PREFERS_STRING_CATALOGS = YES;
				MTL_ENABLE_DEBUG_INFO = NO;
				MTL_FAST_MATH = YES;
				SDKROOT = iphoneos;
				SWIFT_COMPILATION_MODE = wholemodule;
				VALIDATE_PRODUCT = YES;
			};
			name = Release;
		};
		944AE8322AE63995002ECF1C /* Debug */ = {
			isa = XCBuildConfiguration;
			buildSettings = {
				ASSETCATALOG_COMPILER_APPICON_NAME = AppIcon;
				ASSETCATALOG_COMPILER_GLOBAL_ACCENT_COLOR_NAME = AccentColor;
				CODE_SIGN_STYLE = Automatic;
				CURRENT_PROJECT_VERSION = 1;
				DEVELOPMENT_ASSET_PATHS = "\"projectETPS04/Preview Content\"";
				DEVELOPMENT_TEAM = A348G232B7;
				ENABLE_PREVIEWS = YES;
				GENERATE_INFOPLIST_FILE = YES;
				INFOPLIST_FILE = projectETPS04/Info.plist;
				INFOPLIST_KEY_UIApplicationSceneManifest_Generation = YES;
				INFOPLIST_KEY_UIApplicationSupportsIndirectInputEvents = YES;
				INFOPLIST_KEY_UILaunchScreen_Generation = YES;
				INFOPLIST_KEY_UISupportedInterfaceOrientations_iPad = "UIInterfaceOrientationPortrait UIInterfaceOrientationPortraitUpsideDown UIInterfaceOrientationLandscapeLeft UIInterfaceOrientationLandscapeRight";
				INFOPLIST_KEY_UISupportedInterfaceOrientations_iPhone = "UIInterfaceOrientationPortrait UIInterfaceOrientationLandscapeLeft UIInterfaceOrientationLandscapeRight";
				LD_RUNPATH_SEARCH_PATHS = (
					"$(inherited)",
					"@executable_path/Frameworks",
				);
				MARKETING_VERSION = 1.0;
				PRODUCT_BUNDLE_IDENTIFIER = utec.edu.sv.projectETPS04;
				PRODUCT_NAME = "$(TARGET_NAME)";
				SWIFT_EMIT_LOC_STRINGS = YES;
				SWIFT_VERSION = 5.0;
				TARGETED_DEVICE_FAMILY = "1,2";
			};
			name = Debug;
		};
		944AE8332AE63995002ECF1C /* Release */ = {
			isa = XCBuildConfiguration;
			buildSettings = {
				ASSETCATALOG_COMPILER_APPICON_NAME = AppIcon;
				ASSETCATALOG_COMPILER_GLOBAL_ACCENT_COLOR_NAME = AccentColor;
				CODE_SIGN_STYLE = Automatic;
				CURRENT_PROJECT_VERSION = 1;
				DEVELOPMENT_ASSET_PATHS = "\"projectETPS04/Preview Content\"";
				DEVELOPMENT_TEAM = A348G232B7;
				ENABLE_PREVIEWS = YES;
				GENERATE_INFOPLIST_FILE = YES;
				INFOPLIST_FILE = projectETPS04/Info.plist;
				INFOPLIST_KEY_UIApplicationSceneManifest_Generation = YES;
				INFOPLIST_KEY_UIApplicationSupportsIndirectInputEvents = YES;
				INFOPLIST_KEY_UILaunchScreen_Generation = YES;
				INFOPLIST_KEY_UISupportedInterfaceOrientations_iPad = "UIInterfaceOrientationPortrait UIInterfaceOrientationPortraitUpsideDown UIInterfaceOrientationLandscapeLeft UIInterfaceOrientationLandscapeRight";
				INFOPLIST_KEY_UISupportedInterfaceOrientations_iPhone = "UIInterfaceOrientationPortrait UIInterfaceOrientationLandscapeLeft UIInterfaceOrientationLandscapeRight";
				LD_RUNPATH_SEARCH_PATHS = (
					"$(inherited)",
					"@executable_path/Frameworks",
				);
				MARKETING_VERSION = 1.0;
				PRODUCT_BUNDLE_IDENTIFIER = utec.edu.sv.projectETPS04;
				PRODUCT_NAME = "$(TARGET_NAME)";
				SWIFT_EMIT_LOC_STRINGS = YES;
				SWIFT_VERSION = 5.0;
				TARGETED_DEVICE_FAMILY = "1,2";
			};
			name = Release;
		};
		944AE8352AE63995002ECF1C /* Debug */ = {
			isa = XCBuildConfiguration;
			buildSettings = {
				ALWAYS_EMBED_SWIFT_STANDARD_LIBRARIES = YES;
				BUNDLE_LOADER = "$(TEST_HOST)";
				CODE_SIGN_STYLE = Automatic;
				CURRENT_PROJECT_VERSION = 1;
				GENERATE_INFOPLIST_FILE = YES;
				IPHONEOS_DEPLOYMENT_TARGET = 17.0;
				MARKETING_VERSION = 1.0;
				PRODUCT_BUNDLE_IDENTIFIER = utec.edu.sv.projectETPS04Tests;
				PRODUCT_NAME = "$(TARGET_NAME)";
				SWIFT_EMIT_LOC_STRINGS = NO;
				SWIFT_VERSION = 5.0;
				TARGETED_DEVICE_FAMILY = "1,2";
				TEST_HOST = "$(BUILT_PRODUCTS_DIR)/projectETPS04.app/$(BUNDLE_EXECUTABLE_FOLDER_PATH)/projectETPS04";
			};
			name = Debug;
		};
		944AE8362AE63995002ECF1C /* Release */ = {
			isa = XCBuildConfiguration;
			buildSettings = {
				ALWAYS_EMBED_SWIFT_STANDARD_LIBRARIES = YES;
				BUNDLE_LOADER = "$(TEST_HOST)";
				CODE_SIGN_STYLE = Automatic;
				CURRENT_PROJECT_VERSION = 1;
				GENERATE_INFOPLIST_FILE = YES;
				IPHONEOS_DEPLOYMENT_TARGET = 17.0;
				MARKETING_VERSION = 1.0;
				PRODUCT_BUNDLE_IDENTIFIER = utec.edu.sv.projectETPS04Tests;
				PRODUCT_NAME = "$(TARGET_NAME)";
				SWIFT_EMIT_LOC_STRINGS = NO;
				SWIFT_VERSION = 5.0;
				TARGETED_DEVICE_FAMILY = "1,2";
				TEST_HOST = "$(BUILT_PRODUCTS_DIR)/projectETPS04.app/$(BUNDLE_EXECUTABLE_FOLDER_PATH)/projectETPS04";
			};
			name = Release;
		};
		944AE8382AE63995002ECF1C /* Debug */ = {
			isa = XCBuildConfiguration;
			buildSettings = {
				ALWAYS_EMBED_SWIFT_STANDARD_LIBRARIES = YES;
				CODE_SIGN_STYLE = Automatic;
				CURRENT_PROJECT_VERSION = 1;
				GENERATE_INFOPLIST_FILE = YES;
				MARKETING_VERSION = 1.0;
				PRODUCT_BUNDLE_IDENTIFIER = utec.edu.sv.projectETPS04UITests;
				PRODUCT_NAME = "$(TARGET_NAME)";
				SWIFT_EMIT_LOC_STRINGS = NO;
				SWIFT_VERSION = 5.0;
				TARGETED_DEVICE_FAMILY = "1,2";
				TEST_TARGET_NAME = projectETPS04;
			};
			name = Debug;
		};
		944AE8392AE63995002ECF1C /* Release */ = {
			isa = XCBuildConfiguration;
			buildSettings = {
				ALWAYS_EMBED_SWIFT_STANDARD_LIBRARIES = YES;
				CODE_SIGN_STYLE = Automatic;
				CURRENT_PROJECT_VERSION = 1;
				GENERATE_INFOPLIST_FILE = YES;
				MARKETING_VERSION = 1.0;
				PRODUCT_BUNDLE_IDENTIFIER = utec.edu.sv.projectETPS04UITests;
				PRODUCT_NAME = "$(TARGET_NAME)";
				SWIFT_EMIT_LOC_STRINGS = NO;
				SWIFT_VERSION = 5.0;
				TARGETED_DEVICE_FAMILY = "1,2";
				TEST_TARGET_NAME = projectETPS04;
			};
			name = Release;
		};
/* End XCBuildConfiguration section */

/* Begin XCConfigurationList section */
		944AE8082AE63992002ECF1C /* Build configuration list for PBXProject "projectETPS04" */ = {
			isa = XCConfigurationList;
			buildConfigurations = (
				944AE82F2AE63995002ECF1C /* Debug */,
				944AE8302AE63995002ECF1C /* Release */,
			);
			defaultConfigurationIsVisible = 0;
			defaultConfigurationName = Release;
		};
		944AE8312AE63995002ECF1C /* Build configuration list for PBXNativeTarget "projectETPS04" */ = {
			isa = XCConfigurationList;
			buildConfigurations = (
				944AE8322AE63995002ECF1C /* Debug */,
				944AE8332AE63995002ECF1C /* Release */,
			);
			defaultConfigurationIsVisible = 0;
			defaultConfigurationName = Release;
		};
		944AE8342AE63995002ECF1C /* Build configuration list for PBXNativeTarget "projectETPS04Tests" */ = {
			isa = XCConfigurationList;
			buildConfigurations = (
				944AE8352AE63995002ECF1C /* Debug */,
				944AE8362AE63995002ECF1C /* Release */,
			);
			defaultConfigurationIsVisible = 0;
			defaultConfigurationName = Release;
		};
		944AE8372AE63995002ECF1C /* Build configuration list for PBXNativeTarget "projectETPS04UITests" */ = {
			isa = XCConfigurationList;
			buildConfigurations = (
				944AE8382AE63995002ECF1C /* Debug */,
				944AE8392AE63995002ECF1C /* Release */,
			);
			defaultConfigurationIsVisible = 0;
			defaultConfigurationName = Release;
		};
/* End XCConfigurationList section */

/* Begin XCRemoteSwiftPackageReference section */
		94176C0B2AF483DD0055FC6C /* XCRemoteSwiftPackageReference "firebase-ios-sdk" */ = {
			isa = XCRemoteSwiftPackageReference;
			repositoryURL = "https://github.com/firebase/firebase-ios-sdk.git";
			requirement = {
				kind = upToNextMajorVersion;
				minimumVersion = 10.17.0;
			};
		};
		94E5FD982B182D6A00A4F86A /* XCRemoteSwiftPackageReference "GoogleSignIn-iOS" */ = {
			isa = XCRemoteSwiftPackageReference;
			repositoryURL = "https://github.com/google/GoogleSignIn-iOS.git";
			requirement = {
				kind = upToNextMajorVersion;
				minimumVersion = 7.0.0;
			};
		};
/* End XCRemoteSwiftPackageReference section */

/* Begin XCSwiftPackageProductDependency section */
		94176C0C2AF483DD0055FC6C /* FirebaseAuth */ = {
			isa = XCSwiftPackageProductDependency;
			package = 94176C0B2AF483DD0055FC6C /* XCRemoteSwiftPackageReference "firebase-ios-sdk" */;
			productName = FirebaseAuth;
		};
		94176C0E2AF483DD0055FC6C /* FirebaseFirestore */ = {
			isa = XCSwiftPackageProductDependency;
			package = 94176C0B2AF483DD0055FC6C /* XCRemoteSwiftPackageReference "firebase-ios-sdk" */;
			productName = FirebaseFirestore;
		};
		94E5FD992B182D6A00A4F86A /* GoogleSignIn */ = {
			isa = XCSwiftPackageProductDependency;
			package = 94E5FD982B182D6A00A4F86A /* XCRemoteSwiftPackageReference "GoogleSignIn-iOS" */;
			productName = GoogleSignIn;
		};
		94E5FD9B2B182D6A00A4F86A /* GoogleSignInSwift */ = {
			isa = XCSwiftPackageProductDependency;
			package = 94E5FD982B182D6A00A4F86A /* XCRemoteSwiftPackageReference "GoogleSignIn-iOS" */;
			productName = GoogleSignInSwift;
		};
/* End XCSwiftPackageProductDependency section */
	};
	rootObject = 944AE8052AE63992002ECF1C /* Project object */;
}
